<Solution>
  <Folder Name="/src/">
    <Project Path="src/CpuEmulator.Core/CpuEmulator.Core.csproj" />
    <Project Path="src/CpuEmulator.Generators/CpuEmulator.Generators.csproj" />
    <Project Path="src/CpuEmulator.Cpus.Mos6502/CpuEmulator.Cpus.Mos6502.csproj" />
    <Project Path="src/CpuEmulator.Monitor/CpuEmulator.Monitor.csproj" />
    <Project Path="src/CpuEmulator.Peripherals/CpuEmulator.Peripherals.csproj" />
    <Project Path="src/CpuEmulator.Host/CpuEmulator.Host.csproj" />
  </Folder>
  <Folder Name="/tests/">
    <Project Path="tests/CpuEmulator.Tests/CpuEmulator.Tests.csproj" />
  </Folder>
  <Folder Name="/tools/">
    <Project Path="tools/CpuEmulator.SpecImporter/CpuEmulator.SpecImporter.csproj" />
  </Folder>
</Solution>
